
Microsoft Visual Studio Solution File, Format Version 12.00
# Visual Studio 2013
VisualStudioVersion = 12.0.21005.1
MinimumVisualStudioVersion = 10.0.40219.1
Project("{FAE04EC0-301F-11D3-BF4B-00C04F79EFBC}") = "WebAPITest", "WebAPITest\WebAPITest.csproj", "{CBA55034-F573-43FF-9417-D08E7E671D68}"
EndProject
Project("{FAE04EC0-301F-11D3-BF4B-00C04F79EFBC}") = "WebAPITest.Tests", "WebAPITest.Tests\WebAPITest.Tests.csproj", "{0F5A1B22-C1F2-431D-957B-6A3DBBD05DA7}"
EndProject
Project("{FAE04EC0-301F-11D3-BF4B-00C04F79EFBC}") = "Tests", "Tests\Tests.csproj", "{ADD6DA87-B969-4FFC-A205-322BA63A3018}"
EndProject
Global
	GlobalSection(SolutionConfigurationPlatforms) = preSolution
		Debug|Any CPU = Debug|Any CPU
		Release|Any CPU = Release|Any CPU
	EndGlobalSection
	GlobalSection(ProjectConfigurationPlatforms) = postSolution
		{CBA55034-F573-43FF-9417-D08E7E671D68}.Debug|Any CPU.ActiveCfg = Debug|Any CPU
		{CBA55034-F573-43FF-9417-D08E7E671D68}.Debug|Any CPU.Build.0 = Debug|Any CPU
		{CBA55034-F573-43FF-9417-D08E7E671D68}.Release|Any CPU.ActiveCfg = Release|Any CPU
		{CBA55034-F573-43FF-9417-D08E7E671D68}.Release|Any CPU.Build.0 = Release|Any CPU
		{0F5A1B22-C1F2-431D-957B-6A3DBBD05DA7}.Debug|Any CPU.ActiveCfg = Debug|Any CPU
		{0F5A1B22-C1F2-431D-957B-6A3DBBD05DA7}.Debug|Any CPU.Build.0 = Debug|Any CPU
		{0F5A1B22-C1F2-431D-957B-6A3DBBD05DA7}.Release|Any CPU.ActiveCfg = Release|Any CPU
		{0F5A1B22-C1F2-431D-957B-6A3DBBD05DA7}.Release|Any CPU.Build.0 = Release|Any CPU
		{ADD6DA87-B969-4FFC-A205-322BA63A3018}.Debug|Any CPU.ActiveCfg = Debug|Any CPU
		{ADD6DA87-B969-4FFC-A205-322BA63A3018}.Debug|Any CPU.Build.0 = Debug|Any CPU
		{ADD6DA87-B969-4FFC-A205-322BA63A3018}.Release|Any CPU.ActiveCfg = Release|Any CPU
		{ADD6DA87-B969-4FFC-A205-322BA63A3018}.Release|Any CPU.Build.0 = Release|Any CPU
	EndGlobalSection
	GlobalSection(SolutionProperties) = preSolution
		HideSolutionNode = FALSE
	EndGlobalSection
EndGlobal
